
Microsoft Visual Studio Solution File, Format Version 12.00
# Visual Studio Version 16
VisualStudioVersion = 16.0.31129.286
MinimumVisualStudioVersion = 10.0.40219.1
Project("{9A19103F-16F7-4668-BE54-9A1E7A4F7556}") = "RobotSimulatorLib", "RobotSimulatorLib\RobotSimulatorLib.csproj", "{99EE1002-8824-4B87-A55E-EF9FC9BA7768}"
EndProject
Project("{9A19103F-16F7-4668-BE54-9A1E7A4F7556}") = "ConsoleSimulator", "ConsoleSimulator\ConsoleSimulator.csproj", "{B453C353-1194-4D53-919E-659DF78E85AC}"
EndProject
Project("{9A19103F-16F7-4668-BE54-9A1E7A4F7556}") = "RobotSimulatorLibTest", "RobotSimulatorLibTest\RobotSimulatorLibTest.csproj", "{829D5CC7-2CC1-471E-B084-AEE171345D9E}"
EndProject
Project("{2150E333-8FDC-42A3-9474-1A3956D46DE8}") = "Solution Items", "Solution Items", "{BB67369B-82FB-4C34-8EFE-264E7BA48CD4}"
	ProjectSection(SolutionItems) = preProject
		Readme.txt = Readme.txt
	EndProjectSection
EndProject
Global
	GlobalSection(SolutionConfigurationPlatforms) = preSolution
		Debug|Any CPU = Debug|Any CPU
		Release|Any CPU = Release|Any CPU
	EndGlobalSection
	GlobalSection(ProjectConfigurationPlatforms) = postSolution
		{99EE1002-8824-4B87-A55E-EF9FC9BA7768}.Debug|Any CPU.ActiveCfg = Debug|Any CPU
		{99EE1002-8824-4B87-A55E-EF9FC9BA7768}.Debug|Any CPU.Build.0 = Debug|Any CPU
		{99EE1002-8824-4B87-A55E-EF9FC9BA7768}.Release|Any CPU.ActiveCfg = Release|Any CPU
		{99EE1002-8824-4B87-A55E-EF9FC9BA7768}.Release|Any CPU.Build.0 = Release|Any CPU
		{B453C353-1194-4D53-919E-659DF78E85AC}.Debug|Any CPU.ActiveCfg = Debug|Any CPU
		{B453C353-1194-4D53-919E-659DF78E85AC}.Debug|Any CPU.Build.0 = Debug|Any CPU
		{B453C353-1194-4D53-919E-659DF78E85AC}.Release|Any CPU.ActiveCfg = Release|Any CPU
		{B453C353-1194-4D53-919E-659DF78E85AC}.Release|Any CPU.Build.0 = Release|Any CPU
		{829D5CC7-2CC1-471E-B084-AEE171345D9E}.Debug|Any CPU.ActiveCfg = Debug|Any CPU
		{829D5CC7-2CC1-471E-B084-AEE171345D9E}.Debug|Any CPU.Build.0 = Debug|Any CPU
		{829D5CC7-2CC1-471E-B084-AEE171345D9E}.Release|Any CPU.ActiveCfg = Release|Any CPU
		{829D5CC7-2CC1-471E-B084-AEE171345D9E}.Release|Any CPU.Build.0 = Release|Any CPU
	EndGlobalSection
	GlobalSection(SolutionProperties) = preSolution
		HideSolutionNode = FALSE
	EndGlobalSection
	GlobalSection(ExtensibilityGlobals) = postSolution
		SolutionGuid = {2FBCECD1-ABE5-4984-92F1-8EB83157F6E8}
	EndGlobalSection
EndGlobal
